{
  "originHash" : "10460702d3bef8fc289adfff29b7ba4b45415d7922365ae9c7ee3f928721a1d6",
  "pins" : [
    {
      "identity" : "droppykit",
      "kind" : "remoteSourceControl",
      "location" : "https://gitlab.com/droppyformac1/droppykit.git",
      "state" : {
        "revision" : "3b600380af6f4478961b1b6015ef64eb790610fa",
        "version" : "1.14.0"
      }
    }
  ],
  "version" : 3
}
