{
  "originHash" : "9fec19a1fa2a8911bee93b7f3e9ebd00f953115ee28630539afa348d28194842",
  "pins" : [
    {
      "identity" : "droppykit",
      "kind" : "remoteSourceControl",
      "location" : "https://gitlab.com/droppyformac1/droppykit.git",
      "state" : {
        "revision" : "baa7039837c82e60b8ce090dc60273e3eac5199f",
        "version" : "1.4.1"
      }
    }
  ],
  "version" : 3
}
